{
    "version": 3,
    "terraform_version": "0.11.11",
    "serial": 9,
    "lineage": "bc8a6281-45bd-536c-d7bc-45f8490504e9",
    "modules": [
        {
            "path": [
                "root"
            ],
            "outputs": {},
            "resources": {},
            "depends_on": []
        },
        {
            "path": [
                "root",
                "and_test_ec2"
            ],
            "outputs": {
                "elb_dns_name": {
                    "sensitive": false,
                    "type": "string",
                    "value": "alb-997186924.eu-west-1.elb.amazonaws.com"
                }
            },
            "resources": {
                "aws_alb.alb": {
                    "type": "aws_alb",
                    "depends_on": [
                        "aws_security_group.pub_sg"
                    ],
                    "primary": {
                        "id": "arn:aws:elasticloadbalancing:eu-west-1:162477254268:loadbalancer/app/alb/1389f079bc59e0aa",
                        "attributes": {
                            "access_logs.#": "0",
                            "arn": "arn:aws:elasticloadbalancing:eu-west-1:162477254268:loadbalancer/app/alb/1389f079bc59e0aa",
                            "arn_suffix": "app/alb/1389f079bc59e0aa",
                            "dns_name": "alb-997186924.eu-west-1.elb.amazonaws.com",
                            "enable_deletion_protection": "true",
                            "enable_http2": "true",
                            "id": "arn:aws:elasticloadbalancing:eu-west-1:162477254268:loadbalancer/app/alb/1389f079bc59e0aa",
                            "idle_timeout": "60",
                            "internal": "false",
                            "ip_address_type": "ipv4",
                            "load_balancer_type": "application",
                            "name": "alb",
                            "security_groups.#": "1",
                            "security_groups.3943589453": "sg-0a364a5a01560c665",
                            "subnet_mapping.#": "0",
                            "subnets.#": "2",
                            "subnets.3231420140": "subnet-0887e241bd071501d",
                            "subnets.606146975": "subnet-0501c160f980bebd1",
                            "tags.%": "1",
                            "tags.Environment": "production",
                            "vpc_id": "vpc-010261840f76b2b40",
                            "zone_id": "Z32O12XQLNTSW2"
                        },
                        "meta": {
                            "e2bfb730-ecaa-11e6-8f88-34363bc7c4c0": {
                                "create": 600000000000,
                                "delete": 600000000000,
                                "update": 600000000000
                            }
                        },
                        "tainted": false
                    },
                    "deposed": [],
                    "provider": "provider.aws"
                },
                "aws_alb_listener.alb": {
                    "type": "aws_alb_listener",
                    "depends_on": [
                        "aws_alb.alb",
                        "aws_alb_target_group.and_digital_tg"
                    ],
                    "primary": {
                        "id": "arn:aws:elasticloadbalancing:eu-west-1:162477254268:listener/app/alb/1389f079bc59e0aa/c27480b8e9b6ba0d",
                        "attributes": {
                            "arn": "arn:aws:elasticloadbalancing:eu-west-1:162477254268:listener/app/alb/1389f079bc59e0aa/c27480b8e9b6ba0d",
                            "default_action.#": "1",
                            "default_action.0.authenticate_cognito.#": "0",
                            "default_action.0.authenticate_oidc.#": "0",
                            "default_action.0.fixed_response.#": "0",
                            "default_action.0.order": "1",
                            "default_action.0.redirect.#": "0",
                            "default_action.0.target_group_arn": "arn:aws:elasticloadbalancing:eu-west-1:162477254268:targetgroup/tg/039eea67d5e27fe0",
                            "default_action.0.type": "forward",
                            "id": "arn:aws:elasticloadbalancing:eu-west-1:162477254268:listener/app/alb/1389f079bc59e0aa/c27480b8e9b6ba0d",
                            "load_balancer_arn": "arn:aws:elasticloadbalancing:eu-west-1:162477254268:loadbalancer/app/alb/1389f079bc59e0aa",
                            "port": "80",
                            "protocol": "HTTP",
                            "ssl_policy": ""
                        },
                        "meta": {
                            "e2bfb730-ecaa-11e6-8f88-34363bc7c4c0": {
                                "read": 600000000000
                            }
                        },
                        "tainted": false
                    },
                    "deposed": [],
                    "provider": "provider.aws"
                },
                "aws_alb_listener_rule.alb_route_path": {
                    "type": "aws_alb_listener_rule",
                    "depends_on": [
                        "aws_alb_listener.alb",
                        "aws_alb_target_group.and_digital_tg"
                    ],
                    "primary": {
                        "id": "arn:aws:elasticloadbalancing:eu-west-1:162477254268:listener-rule/app/alb/1389f079bc59e0aa/c27480b8e9b6ba0d/e1ab40d7f109d1ca",
                        "attributes": {
                            "action.#": "1",
                            "action.0.authenticate_cognito.#": "0",
                            "action.0.authenticate_oidc.#": "0",
                            "action.0.fixed_response.#": "0",
                            "action.0.order": "1",
                            "action.0.redirect.#": "0",
                            "action.0.target_group_arn": "arn:aws:elasticloadbalancing:eu-west-1:162477254268:targetgroup/tg/039eea67d5e27fe0",
                            "action.0.type": "forward",
                            "arn": "arn:aws:elasticloadbalancing:eu-west-1:162477254268:listener-rule/app/alb/1389f079bc59e0aa/c27480b8e9b6ba0d/e1ab40d7f109d1ca",
                            "condition.#": "1",
                            "condition.1366281676.field": "path-pattern",
                            "condition.1366281676.values.#": "1",
                            "condition.1366281676.values.0": "/static/*",
                            "id": "arn:aws:elasticloadbalancing:eu-west-1:162477254268:listener-rule/app/alb/1389f079bc59e0aa/c27480b8e9b6ba0d/e1ab40d7f109d1ca",
                            "listener_arn": "arn:aws:elasticloadbalancing:eu-west-1:162477254268:listener/app/alb/1389f079bc59e0aa/c27480b8e9b6ba0d",
                            "priority": "100"
                        },
                        "meta": {},
                        "tainted": false
                    },
                    "deposed": [],
                    "provider": "provider.aws"
                },
                "aws_alb_target_group.and_digital_tg": {
                    "type": "aws_alb_target_group",
                    "depends_on": [],
                    "primary": {
                        "id": "arn:aws:elasticloadbalancing:eu-west-1:162477254268:targetgroup/tg/039eea67d5e27fe0",
                        "attributes": {
                            "arn": "arn:aws:elasticloadbalancing:eu-west-1:162477254268:targetgroup/tg/039eea67d5e27fe0",
                            "arn_suffix": "targetgroup/tg/039eea67d5e27fe0",
                            "deregistration_delay": "300",
                            "health_check.#": "1",
                            "health_check.0.healthy_threshold": "5",
                            "health_check.0.interval": "30",
                            "health_check.0.matcher": "200",
                            "health_check.0.path": "/",
                            "health_check.0.port": "traffic-port",
                            "health_check.0.protocol": "HTTP",
                            "health_check.0.timeout": "5",
                            "health_check.0.unhealthy_threshold": "2",
                            "id": "arn:aws:elasticloadbalancing:eu-west-1:162477254268:targetgroup/tg/039eea67d5e27fe0",
                            "name": "tg",
                            "port": "80",
                            "protocol": "HTTP",
                            "proxy_protocol_v2": "false",
                            "slow_start": "0",
                            "stickiness.#": "1",
                            "stickiness.0.cookie_duration": "86400",
                            "stickiness.0.enabled": "false",
                            "stickiness.0.type": "lb_cookie",
                            "tags.%": "0",
                            "target_type": "instance",
                            "vpc_id": "vpc-010261840f76b2b40"
                        },
                        "meta": {},
                        "tainted": false
                    },
                    "deposed": [],
                    "provider": "provider.aws"
                },
                "aws_autoscaling_group.asg": {
                    "type": "aws_autoscaling_group",
                    "depends_on": [
                        "aws_alb_target_group.and_digital_tg",
                        "aws_launch_configuration.alc"
                    ],
                    "primary": {
                        "id": "tf-asg-20190305203151732300000001",
                        "attributes": {
                            "arn": "arn:aws:autoscaling:eu-west-1:162477254268:autoScalingGroup:3ebdbca0-89bd-4369-b88b-e6cd951221d7:autoScalingGroupName/tf-asg-20190305203151732300000001",
                            "availability_zones.#": "2",
                            "availability_zones.1924028850": "eu-west-1b",
                            "availability_zones.3953592328": "eu-west-1a",
                            "default_cooldown": "300",
                            "desired_capacity": "2",
                            "enabled_metrics.#": "0",
                            "force_delete": "false",
                            "health_check_grace_period": "300",
                            "health_check_type": "ELB",
                            "id": "tf-asg-20190305203151732300000001",
                            "launch_configuration": "terraform-20190305204430334100000001",
                            "launch_template.#": "0",
                            "load_balancers.#": "0",
                            "max_size": "5",
                            "metrics_granularity": "1Minute",
                            "min_size": "2",
                            "mixed_instances_policy.#": "0",
                            "name": "tf-asg-20190305203151732300000001",
                            "placement_group": "",
                            "protect_from_scale_in": "false",
                            "service_linked_role_arn": "arn:aws:iam::162477254268:role/aws-service-role/autoscaling.amazonaws.com/AWSServiceRoleForAutoScaling",
                            "suspended_processes.#": "0",
                            "tag.#": "1",
                            "tag.2051249008.key": "Name",
                            "tag.2051249008.propagate_at_launch": "true",
                            "tag.2051249008.value": "ASG-And-Digital",
                            "target_group_arns.#": "1",
                            "target_group_arns.3819851697": "arn:aws:elasticloadbalancing:eu-west-1:162477254268:targetgroup/tg/039eea67d5e27fe0",
                            "termination_policies.#": "0",
                            "vpc_zone_identifier.#": "4",
                            "vpc_zone_identifier.2477414738": "subnet-0800868a9d4a89c0b",
                            "vpc_zone_identifier.3231420140": "subnet-0887e241bd071501d",
                            "vpc_zone_identifier.3540246418": "subnet-01d9c443e7a831ea4",
                            "vpc_zone_identifier.606146975": "subnet-0501c160f980bebd1",
                            "wait_for_capacity_timeout": "10m"
                        },
                        "meta": {
                            "e2bfb730-ecaa-11e6-8f88-34363bc7c4c0": {
                                "delete": 600000000000
                            }
                        },
                        "tainted": false
                    },
                    "deposed": [],
                    "provider": "provider.aws"
                },
                "aws_launch_configuration.alc": {
                    "type": "aws_launch_configuration",
                    "depends_on": [],
                    "primary": {
                        "id": "terraform-20190305204430334100000001",
                        "attributes": {
                            "associate_public_ip_address": "true",
                            "ebs_block_device.#": "0",
                            "ebs_optimized": "false",
                            "enable_monitoring": "true",
                            "ephemeral_block_device.#": "0",
                            "iam_instance_profile": "",
                            "id": "terraform-20190305204430334100000001",
                            "image_id": "ami-08935252a36e25f85",
                            "instance_type": "t2.micro",
                            "key_name": "And",
                            "name": "terraform-20190305204430334100000001",
                            "root_block_device.#": "0",
                            "security_groups.#": "2",
                            "security_groups.3672450279": "sg-021397ad6feaf1423",
                            "security_groups.3943589453": "sg-0a364a5a01560c665",
                            "spot_price": "",
                            "user_data": "6e4567dd773cdca8e126d2a2d01357605754c6c2",
                            "vpc_classic_link_id": "",
                            "vpc_classic_link_security_groups.#": "0"
                        },
                        "meta": {},
                        "tainted": false
                    },
                    "deposed": [],
                    "provider": "provider.aws"
                },
                "aws_security_group.bastion_sg": {
                    "type": "aws_security_group",
                    "depends_on": [],
                    "primary": {
                        "id": "sg-076b3617f2b9799a7",
                        "attributes": {
                            "arn": "arn:aws:ec2:eu-west-1:162477254268:security-group/sg-076b3617f2b9799a7",
                            "description": "Used for accessing the dev instances",
                            "egress.#": "1",
                            "egress.482069346.cidr_blocks.#": "1",
                            "egress.482069346.cidr_blocks.0": "0.0.0.0/0",
                            "egress.482069346.description": "",
                            "egress.482069346.from_port": "0",
                            "egress.482069346.ipv6_cidr_blocks.#": "0",
                            "egress.482069346.prefix_list_ids.#": "0",
                            "egress.482069346.protocol": "-1",
                            "egress.482069346.security_groups.#": "0",
                            "egress.482069346.self": "false",
                            "egress.482069346.to_port": "0",
                            "id": "sg-076b3617f2b9799a7",
                            "ingress.#": "1",
                            "ingress.2541437006.cidr_blocks.#": "1",
                            "ingress.2541437006.cidr_blocks.0": "0.0.0.0/0",
                            "ingress.2541437006.description": "",
                            "ingress.2541437006.from_port": "22",
                            "ingress.2541437006.ipv6_cidr_blocks.#": "0",
                            "ingress.2541437006.prefix_list_ids.#": "0",
                            "ingress.2541437006.protocol": "tcp",
                            "ingress.2541437006.security_groups.#": "0",
                            "ingress.2541437006.self": "false",
                            "ingress.2541437006.to_port": "22",
                            "name": "bastion_sg",
                            "owner_id": "162477254268",
                            "revoke_rules_on_delete": "false",
                            "tags.%": "0",
                            "vpc_id": "vpc-010261840f76b2b40"
                        },
                        "meta": {
                            "e2bfb730-ecaa-11e6-8f88-34363bc7c4c0": {
                                "create": 600000000000,
                                "delete": 600000000000
                            },
                            "schema_version": "1"
                        },
                        "tainted": false
                    },
                    "deposed": [],
                    "provider": "provider.aws"
                },
                "aws_security_group.priv_sg": {
                    "type": "aws_security_group",
                    "depends_on": [],
                    "primary": {
                        "id": "sg-021397ad6feaf1423",
                        "attributes": {
                            "arn": "arn:aws:ec2:eu-west-1:162477254268:security-group/sg-021397ad6feaf1423",
                            "description": "Used to access private instances",
                            "egress.#": "1",
                            "egress.1246937736.cidr_blocks.#": "1",
                            "egress.1246937736.cidr_blocks.0": "0.0.0.0/0",
                            "egress.1246937736.description": "Allow access everywhere",
                            "egress.1246937736.from_port": "0",
                            "egress.1246937736.ipv6_cidr_blocks.#": "0",
                            "egress.1246937736.prefix_list_ids.#": "0",
                            "egress.1246937736.protocol": "-1",
                            "egress.1246937736.security_groups.#": "0",
                            "egress.1246937736.self": "false",
                            "egress.1246937736.to_port": "0",
                            "id": "sg-021397ad6feaf1423",
                            "ingress.#": "2",
                            "ingress.2165049311.cidr_blocks.#": "1",
                            "ingress.2165049311.cidr_blocks.0": "10.0.0.0/16",
                            "ingress.2165049311.description": "",
                            "ingress.2165049311.from_port": "80",
                            "ingress.2165049311.ipv6_cidr_blocks.#": "0",
                            "ingress.2165049311.prefix_list_ids.#": "0",
                            "ingress.2165049311.protocol": "tcp",
                            "ingress.2165049311.security_groups.#": "0",
                            "ingress.2165049311.self": "false",
                            "ingress.2165049311.to_port": "80",
                            "ingress.931551850.cidr_blocks.#": "1",
                            "ingress.931551850.cidr_blocks.0": "10.0.0.0/16",
                            "ingress.931551850.description": "",
                            "ingress.931551850.from_port": "22",
                            "ingress.931551850.ipv6_cidr_blocks.#": "0",
                            "ingress.931551850.prefix_list_ids.#": "0",
                            "ingress.931551850.protocol": "tcp",
                            "ingress.931551850.security_groups.#": "0",
                            "ingress.931551850.self": "false",
                            "ingress.931551850.to_port": "22",
                            "name": "priv_sg",
                            "owner_id": "162477254268",
                            "revoke_rules_on_delete": "false",
                            "tags.%": "0",
                            "vpc_id": "vpc-010261840f76b2b40"
                        },
                        "meta": {
                            "e2bfb730-ecaa-11e6-8f88-34363bc7c4c0": {
                                "create": 600000000000,
                                "delete": 600000000000
                            },
                            "schema_version": "1"
                        },
                        "tainted": false
                    },
                    "deposed": [],
                    "provider": "provider.aws"
                },
                "aws_security_group.pub_sg": {
                    "type": "aws_security_group",
                    "depends_on": [],
                    "primary": {
                        "id": "sg-0a364a5a01560c665",
                        "attributes": {
                            "arn": "arn:aws:ec2:eu-west-1:162477254268:security-group/sg-0a364a5a01560c665",
                            "description": "Used for public and private instances for load balancer access",
                            "egress.#": "1",
                            "egress.1246937736.cidr_blocks.#": "1",
                            "egress.1246937736.cidr_blocks.0": "0.0.0.0/0",
                            "egress.1246937736.description": "Allow access everywhere",
                            "egress.1246937736.from_port": "0",
                            "egress.1246937736.ipv6_cidr_blocks.#": "0",
                            "egress.1246937736.prefix_list_ids.#": "0",
                            "egress.1246937736.protocol": "-1",
                            "egress.1246937736.security_groups.#": "0",
                            "egress.1246937736.self": "false",
                            "egress.1246937736.to_port": "0",
                            "id": "sg-0a364a5a01560c665",
                            "ingress.#": "1",
                            "ingress.2214680975.cidr_blocks.#": "1",
                            "ingress.2214680975.cidr_blocks.0": "0.0.0.0/0",
                            "ingress.2214680975.description": "",
                            "ingress.2214680975.from_port": "80",
                            "ingress.2214680975.ipv6_cidr_blocks.#": "0",
                            "ingress.2214680975.prefix_list_ids.#": "0",
                            "ingress.2214680975.protocol": "tcp",
                            "ingress.2214680975.security_groups.#": "0",
                            "ingress.2214680975.self": "false",
                            "ingress.2214680975.to_port": "80",
                            "name": "pub_sg",
                            "owner_id": "162477254268",
                            "revoke_rules_on_delete": "false",
                            "tags.%": "0",
                            "vpc_id": "vpc-010261840f76b2b40"
                        },
                        "meta": {
                            "e2bfb730-ecaa-11e6-8f88-34363bc7c4c0": {
                                "create": 600000000000,
                                "delete": 600000000000
                            },
                            "schema_version": "1"
                        },
                        "tainted": false
                    },
                    "deposed": [],
                    "provider": "provider.aws"
                },
                "data.aws_ami.amazon-linux": {
                    "type": "aws_ami",
                    "depends_on": [],
                    "primary": {
                        "id": "ami-08935252a36e25f85",
                        "attributes": {
                            "architecture": "x86_64",
                            "block_device_mappings.#": "1",
                            "block_device_mappings.340275815.device_name": "/dev/xvda",
                            "block_device_mappings.340275815.ebs.%": "6",
                            "block_device_mappings.340275815.ebs.delete_on_termination": "true",
                            "block_device_mappings.340275815.ebs.encrypted": "false",
                            "block_device_mappings.340275815.ebs.iops": "0",
                            "block_device_mappings.340275815.ebs.snapshot_id": "snap-019c9b44e0361bbb0",
                            "block_device_mappings.340275815.ebs.volume_size": "8",
                            "block_device_mappings.340275815.ebs.volume_type": "gp2",
                            "block_device_mappings.340275815.no_device": "",
                            "block_device_mappings.340275815.virtual_name": "",
                            "creation_date": "2018-11-28T21:08:11.000Z",
                            "description": "Amazon Linux AMI 2018.03.0.20181129 x86_64 HVM gp2",
                            "filter.#": "2",
                            "filter.574890044.name": "owner-alias",
                            "filter.574890044.values.#": "1",
                            "filter.574890044.values.0": "amazon",
                            "filter.991392737.name": "name",
                            "filter.991392737.values.#": "1",
                            "filter.991392737.values.0": "amzn-ami-hvm*",
                            "hypervisor": "xen",
                            "id": "ami-08935252a36e25f85",
                            "image_id": "ami-08935252a36e25f85",
                            "image_location": "amazon/amzn-ami-hvm-2018.03.0.20181129-x86_64-gp2",
                            "image_owner_alias": "amazon",
                            "image_type": "machine",
                            "most_recent": "true",
                            "name": "amzn-ami-hvm-2018.03.0.20181129-x86_64-gp2",
                            "owner_id": "137112412989",
                            "owners.#": "1",
                            "owners.0": "137112412989",
                            "product_codes.#": "0",
                            "public": "true",
                            "root_device_name": "/dev/xvda",
                            "root_device_type": "ebs",
                            "root_snapshot_id": "snap-019c9b44e0361bbb0",
                            "sriov_net_support": "simple",
                            "state": "available",
                            "state_reason.%": "2",
                            "state_reason.code": "UNSET",
                            "state_reason.message": "UNSET",
                            "tags.%": "0",
                            "virtualization_type": "hvm"
                        },
                        "meta": {},
                        "tainted": false
                    },
                    "deposed": [],
                    "provider": "provider.aws"
                }
            },
            "depends_on": []
        },
        {
            "path": [
                "root",
                "and_test_vpc"
            ],
            "outputs": {
                "igw_id": {
                    "sensitive": false,
                    "type": "string",
                    "value": "igw-0331c321cea8a102b"
                },
                "private_route_table_ids\t": {
                    "sensitive": false,
                    "type": "list",
                    "value": [
                        "rtb-0e0840af238ca8a02"
                    ]
                },
                "private_subnets": {
                    "sensitive": false,
                    "type": "list",
                    "value": [
                        "subnet-01d9c443e7a831ea4",
                        "subnet-0800868a9d4a89c0b"
                    ]
                },
                "public_route_table_ids": {
                    "sensitive": false,
                    "type": "list",
                    "value": [
                        "rtb-03c206639f8985c4a"
                    ]
                },
                "public_subnets": {
                    "sensitive": false,
                    "type": "list",
                    "value": [
                        "subnet-0887e241bd071501d",
                        "subnet-0501c160f980bebd1"
                    ]
                },
                "vpc_id": {
                    "sensitive": false,
                    "type": "string",
                    "value": "vpc-010261840f76b2b40"
                }
            },
            "resources": {
                "aws_default_route_table.and_digital_priv_rt": {
                    "type": "aws_default_route_table",
                    "depends_on": [
                        "aws_vpc.and_digital"
                    ],
                    "primary": {
                        "id": "rtb-0e0840af238ca8a02",
                        "attributes": {
                            "default_route_table_id": "rtb-0e0840af238ca8a02",
                            "id": "rtb-0e0840af238ca8a02",
                            "owner_id": "162477254268",
                            "propagating_vgws.#": "0",
                            "route.#": "0",
                            "tags.%": "1",
                            "tags.Name": "and_digital_priv_rt",
                            "vpc_id": "vpc-010261840f76b2b40"
                        },
                        "meta": {},
                        "tainted": false
                    },
                    "deposed": [],
                    "provider": "provider.aws"
                },
                "aws_internet_gateway.and_digital_gateway": {
                    "type": "aws_internet_gateway",
                    "depends_on": [
                        "aws_vpc.and_digital"
                    ],
                    "primary": {
                        "id": "igw-0331c321cea8a102b",
                        "attributes": {
                            "id": "igw-0331c321cea8a102b",
                            "owner_id": "162477254268",
                            "tags.%": "1",
                            "tags.Name": "and_digital_gateway",
                            "vpc_id": "vpc-010261840f76b2b40"
                        },
                        "meta": {},
                        "tainted": false
                    },
                    "deposed": [],
                    "provider": "provider.aws"
                },
                "aws_route_table.and_digital_public_rt": {
                    "type": "aws_route_table",
                    "depends_on": [
                        "aws_internet_gateway.and_digital_gateway",
                        "aws_vpc.and_digital"
                    ],
                    "primary": {
                        "id": "rtb-03c206639f8985c4a",
                        "attributes": {
                            "id": "rtb-03c206639f8985c4a",
                            "owner_id": "162477254268",
                            "propagating_vgws.#": "0",
                            "route.#": "1",
                            "route.1349972765.cidr_block": "0.0.0.0/0",
                            "route.1349972765.egress_only_gateway_id": "",
                            "route.1349972765.gateway_id": "igw-0331c321cea8a102b",
                            "route.1349972765.instance_id": "",
                            "route.1349972765.ipv6_cidr_block": "",
                            "route.1349972765.nat_gateway_id": "",
                            "route.1349972765.network_interface_id": "",
                            "route.1349972765.transit_gateway_id": "",
                            "route.1349972765.vpc_peering_connection_id": "",
                            "tags.%": "1",
                            "tags.Name": "and_digital_public_rt",
                            "vpc_id": "vpc-010261840f76b2b40"
                        },
                        "meta": {},
                        "tainted": false
                    },
                    "deposed": [],
                    "provider": "provider.aws"
                },
                "aws_route_table_association.and_digital_priv1_assoc": {
                    "type": "aws_route_table_association",
                    "depends_on": [
                        "aws_default_route_table.and_digital_priv_rt",
                        "aws_subnet.and_digital_priv1_subnet"
                    ],
                    "primary": {
                        "id": "rtbassoc-0df210efb9b255fbc",
                        "attributes": {
                            "id": "rtbassoc-0df210efb9b255fbc",
                            "route_table_id": "rtb-0e0840af238ca8a02",
                            "subnet_id": "subnet-01d9c443e7a831ea4"
                        },
                        "meta": {},
                        "tainted": false
                    },
                    "deposed": [],
                    "provider": "provider.aws"
                },
                "aws_route_table_association.and_digital_priv2_assoc": {
                    "type": "aws_route_table_association",
                    "depends_on": [
                        "aws_default_route_table.and_digital_priv_rt",
                        "aws_subnet.and_digital_priv2_subnet"
                    ],
                    "primary": {
                        "id": "rtbassoc-0bec05f389e4305cd",
                        "attributes": {
                            "id": "rtbassoc-0bec05f389e4305cd",
                            "route_table_id": "rtb-0e0840af238ca8a02",
                            "subnet_id": "subnet-0800868a9d4a89c0b"
                        },
                        "meta": {},
                        "tainted": false
                    },
                    "deposed": [],
                    "provider": "provider.aws"
                },
                "aws_route_table_association.and_digital_pub1_assoc": {
                    "type": "aws_route_table_association",
                    "depends_on": [
                        "aws_route_table.and_digital_public_rt",
                        "aws_subnet.and_digital_pub1_subnet"
                    ],
                    "primary": {
                        "id": "rtbassoc-0e436ef999ea7e9cf",
                        "attributes": {
                            "id": "rtbassoc-0e436ef999ea7e9cf",
                            "route_table_id": "rtb-03c206639f8985c4a",
                            "subnet_id": "subnet-0887e241bd071501d"
                        },
                        "meta": {},
                        "tainted": false
                    },
                    "deposed": [],
                    "provider": "provider.aws"
                },
                "aws_route_table_association.and_digital_pub2_assoc": {
                    "type": "aws_route_table_association",
                    "depends_on": [
                        "aws_route_table.and_digital_public_rt",
                        "aws_subnet.and_digital_pub2_subnet"
                    ],
                    "primary": {
                        "id": "rtbassoc-0740432497493f24e",
                        "attributes": {
                            "id": "rtbassoc-0740432497493f24e",
                            "route_table_id": "rtb-03c206639f8985c4a",
                            "subnet_id": "subnet-0501c160f980bebd1"
                        },
                        "meta": {},
                        "tainted": false
                    },
                    "deposed": [],
                    "provider": "provider.aws"
                },
                "aws_subnet.and_digital_priv1_subnet": {
                    "type": "aws_subnet",
                    "depends_on": [
                        "aws_vpc.and_digital",
                        "data.aws_availability_zones.available"
                    ],
                    "primary": {
                        "id": "subnet-01d9c443e7a831ea4",
                        "attributes": {
                            "arn": "arn:aws:ec2:eu-west-1:162477254268:subnet/subnet-01d9c443e7a831ea4",
                            "assign_ipv6_address_on_creation": "false",
                            "availability_zone": "eu-west-1a",
                            "availability_zone_id": "euw1-az3",
                            "cidr_block": "10.0.3.0/24",
                            "id": "subnet-01d9c443e7a831ea4",
                            "ipv6_cidr_block": "",
                            "ipv6_cidr_block_association_id": "",
                            "map_public_ip_on_launch": "false",
                            "owner_id": "162477254268",
                            "tags.%": "1",
                            "tags.Name": "and_digital_private1",
                            "vpc_id": "vpc-010261840f76b2b40"
                        },
                        "meta": {
                            "e2bfb730-ecaa-11e6-8f88-34363bc7c4c0": {
                                "create": 600000000000,
                                "delete": 600000000000
                            },
                            "schema_version": "1"
                        },
                        "tainted": false
                    },
                    "deposed": [],
                    "provider": "provider.aws"
                },
                "aws_subnet.and_digital_priv2_subnet": {
                    "type": "aws_subnet",
                    "depends_on": [
                        "aws_vpc.and_digital",
                        "data.aws_availability_zones.available"
                    ],
                    "primary": {
                        "id": "subnet-0800868a9d4a89c0b",
                        "attributes": {
                            "arn": "arn:aws:ec2:eu-west-1:162477254268:subnet/subnet-0800868a9d4a89c0b",
                            "assign_ipv6_address_on_creation": "false",
                            "availability_zone": "eu-west-1b",
                            "availability_zone_id": "euw1-az1",
                            "cidr_block": "10.0.4.0/24",
                            "id": "subnet-0800868a9d4a89c0b",
                            "ipv6_cidr_block": "",
                            "ipv6_cidr_block_association_id": "",
                            "map_public_ip_on_launch": "false",
                            "owner_id": "162477254268",
                            "tags.%": "1",
                            "tags.Name": "and_digital_private2",
                            "vpc_id": "vpc-010261840f76b2b40"
                        },
                        "meta": {
                            "e2bfb730-ecaa-11e6-8f88-34363bc7c4c0": {
                                "create": 600000000000,
                                "delete": 600000000000
                            },
                            "schema_version": "1"
                        },
                        "tainted": false
                    },
                    "deposed": [],
                    "provider": "provider.aws"
                },
                "aws_subnet.and_digital_pub1_subnet": {
                    "type": "aws_subnet",
                    "depends_on": [
                        "aws_vpc.and_digital",
                        "data.aws_availability_zones.available"
                    ],
                    "primary": {
                        "id": "subnet-0887e241bd071501d",
                        "attributes": {
                            "arn": "arn:aws:ec2:eu-west-1:162477254268:subnet/subnet-0887e241bd071501d",
                            "assign_ipv6_address_on_creation": "false",
                            "availability_zone": "eu-west-1a",
                            "availability_zone_id": "euw1-az3",
                            "cidr_block": "10.0.1.0/24",
                            "id": "subnet-0887e241bd071501d",
                            "ipv6_cidr_block": "",
                            "ipv6_cidr_block_association_id": "",
                            "map_public_ip_on_launch": "true",
                            "owner_id": "162477254268",
                            "tags.%": "1",
                            "tags.Name": "and_digital_public1",
                            "vpc_id": "vpc-010261840f76b2b40"
                        },
                        "meta": {
                            "e2bfb730-ecaa-11e6-8f88-34363bc7c4c0": {
                                "create": 600000000000,
                                "delete": 600000000000
                            },
                            "schema_version": "1"
                        },
                        "tainted": false
                    },
                    "deposed": [],
                    "provider": "provider.aws"
                },
                "aws_subnet.and_digital_pub2_subnet": {
                    "type": "aws_subnet",
                    "depends_on": [
                        "aws_vpc.and_digital",
                        "data.aws_availability_zones.available"
                    ],
                    "primary": {
                        "id": "subnet-0501c160f980bebd1",
                        "attributes": {
                            "arn": "arn:aws:ec2:eu-west-1:162477254268:subnet/subnet-0501c160f980bebd1",
                            "assign_ipv6_address_on_creation": "false",
                            "availability_zone": "eu-west-1b",
                            "availability_zone_id": "euw1-az1",
                            "cidr_block": "10.0.2.0/24",
                            "id": "subnet-0501c160f980bebd1",
                            "ipv6_cidr_block": "",
                            "ipv6_cidr_block_association_id": "",
                            "map_public_ip_on_launch": "true",
                            "owner_id": "162477254268",
                            "tags.%": "1",
                            "tags.Name": "and_digital_public2",
                            "vpc_id": "vpc-010261840f76b2b40"
                        },
                        "meta": {
                            "e2bfb730-ecaa-11e6-8f88-34363bc7c4c0": {
                                "create": 600000000000,
                                "delete": 600000000000
                            },
                            "schema_version": "1"
                        },
                        "tainted": false
                    },
                    "deposed": [],
                    "provider": "provider.aws"
                },
                "aws_vpc.and_digital": {
                    "type": "aws_vpc",
                    "depends_on": [],
                    "primary": {
                        "id": "vpc-010261840f76b2b40",
                        "attributes": {
                            "arn": "arn:aws:ec2:eu-west-1:162477254268:vpc/vpc-010261840f76b2b40",
                            "assign_generated_ipv6_cidr_block": "false",
                            "cidr_block": "10.0.0.0/16",
                            "default_network_acl_id": "acl-0844cf04a69cb067a",
                            "default_route_table_id": "rtb-0e0840af238ca8a02",
                            "default_security_group_id": "sg-074b07ed1c486b93d",
                            "dhcp_options_id": "dopt-c362d9a5",
                            "enable_classiclink": "false",
                            "enable_classiclink_dns_support": "false",
                            "enable_dns_hostnames": "false",
                            "enable_dns_support": "true",
                            "id": "vpc-010261840f76b2b40",
                            "instance_tenancy": "default",
                            "ipv6_association_id": "",
                            "ipv6_cidr_block": "",
                            "main_route_table_id": "rtb-0e0840af238ca8a02",
                            "owner_id": "162477254268",
                            "tags.%": "1",
                            "tags.Name": "Test-VPC"
                        },
                        "meta": {
                            "schema_version": "1"
                        },
                        "tainted": false
                    },
                    "deposed": [],
                    "provider": "provider.aws"
                },
                "data.aws_availability_zones.available": {
                    "type": "aws_availability_zones",
                    "depends_on": [],
                    "primary": {
                        "id": "2019-03-05 20:48:22.110253 +0000 UTC",
                        "attributes": {
                            "id": "2019-03-05 20:48:22.110253 +0000 UTC",
                            "names.#": "3",
                            "names.0": "eu-west-1a",
                            "names.1": "eu-west-1b",
                            "names.2": "eu-west-1c",
                            "zone_ids.#": "3",
                            "zone_ids.0": "euw1-az3",
                            "zone_ids.1": "euw1-az1",
                            "zone_ids.2": "euw1-az2"
                        },
                        "meta": {},
                        "tainted": false
                    },
                    "deposed": [],
                    "provider": "provider.aws"
                }
            },
            "depends_on": []
        }
    ]
}
