{
    "version": 3,
    "terraform_version": "0.11.11",
    "serial": 35,
    "lineage": "59de20a4-c9de-f4be-1d7d-f4032ee58e5b",
    "modules": [
        {
            "path": [
                "root"
            ],
            "outputs": {
                "elb_dns_name": {
                    "sensitive": false,
                    "type": "string",
                    "value": "alb-1088782343.eu-west-1.elb.amazonaws.com"
                }
            },
            "resources": {
                "aws_alb.alb": {
                    "type": "aws_alb",
                    "depends_on": [
                        "aws_security_group.pub_sg",
                        "aws_subnet.and_digital_pub1_subnet",
                        "aws_subnet.and_digital_pub2_subnet"
                    ],
                    "primary": {
                        "id": "arn:aws:elasticloadbalancing:eu-west-1:162477254268:loadbalancer/app/alb/eba158b7b23f4925",
                        "attributes": {
                            "access_logs.#": "0",
                            "arn": "arn:aws:elasticloadbalancing:eu-west-1:162477254268:loadbalancer/app/alb/eba158b7b23f4925",
                            "arn_suffix": "app/alb/eba158b7b23f4925",
                            "dns_name": "alb-1088782343.eu-west-1.elb.amazonaws.com",
                            "enable_deletion_protection": "true",
                            "enable_http2": "true",
                            "id": "arn:aws:elasticloadbalancing:eu-west-1:162477254268:loadbalancer/app/alb/eba158b7b23f4925",
                            "idle_timeout": "60",
                            "internal": "false",
                            "ip_address_type": "ipv4",
                            "load_balancer_type": "application",
                            "name": "alb",
                            "security_groups.#": "1",
                            "security_groups.2550572010": "sg-0fbefaaebd1aad360",
                            "subnet_mapping.#": "0",
                            "subnets.#": "2",
                            "subnets.2453933521": "subnet-0632125abb4caba6a",
                            "subnets.249685768": "subnet-0454c49d8059d2f0a",
                            "tags.%": "1",
                            "tags.Environment": "production",
                            "vpc_id": "vpc-0565f1073d4b5c9f8",
                            "zone_id": "Z32O12XQLNTSW2"
                        },
                        "meta": {
                            "e2bfb730-ecaa-11e6-8f88-34363bc7c4c0": {
                                "create": 600000000000,
                                "delete": 600000000000,
                                "update": 600000000000
                            }
                        },
                        "tainted": false
                    },
                    "deposed": [],
                    "provider": "provider.aws"
                },
                "aws_internet_gateway.and_digital_gateway": {
                    "type": "aws_internet_gateway",
                    "depends_on": [
                        "aws_vpc.and_digital"
                    ],
                    "primary": {
                        "id": "igw-02d92e6744d431b77",
                        "attributes": {
                            "id": "igw-02d92e6744d431b77",
                            "owner_id": "162477254268",
                            "tags.%": "1",
                            "tags.Name": "and_digital_gateway",
                            "vpc_id": "vpc-0565f1073d4b5c9f8"
                        },
                        "meta": {},
                        "tainted": false
                    },
                    "deposed": [],
                    "provider": "provider.aws"
                },
                "aws_security_group.pub_sg": {
                    "type": "aws_security_group",
                    "depends_on": [
                        "aws_vpc.and_digital"
                    ],
                    "primary": {
                        "id": "sg-0fbefaaebd1aad360",
                        "attributes": {
                            "arn": "arn:aws:ec2:eu-west-1:162477254268:security-group/sg-0fbefaaebd1aad360",
                            "description": "Used for public and private instances for load balancer access",
                            "egress.#": "1",
                            "egress.1246937736.cidr_blocks.#": "1",
                            "egress.1246937736.cidr_blocks.0": "0.0.0.0/0",
                            "egress.1246937736.description": "Allow access everywhere",
                            "egress.1246937736.from_port": "0",
                            "egress.1246937736.ipv6_cidr_blocks.#": "0",
                            "egress.1246937736.prefix_list_ids.#": "0",
                            "egress.1246937736.protocol": "-1",
                            "egress.1246937736.security_groups.#": "0",
                            "egress.1246937736.self": "false",
                            "egress.1246937736.to_port": "0",
                            "id": "sg-0fbefaaebd1aad360",
                            "ingress.#": "1",
                            "ingress.2214680975.cidr_blocks.#": "1",
                            "ingress.2214680975.cidr_blocks.0": "0.0.0.0/0",
                            "ingress.2214680975.description": "",
                            "ingress.2214680975.from_port": "80",
                            "ingress.2214680975.ipv6_cidr_blocks.#": "0",
                            "ingress.2214680975.prefix_list_ids.#": "0",
                            "ingress.2214680975.protocol": "tcp",
                            "ingress.2214680975.security_groups.#": "0",
                            "ingress.2214680975.self": "false",
                            "ingress.2214680975.to_port": "80",
                            "name": "pub_sg",
                            "owner_id": "162477254268",
                            "revoke_rules_on_delete": "false",
                            "tags.%": "0",
                            "vpc_id": "vpc-0565f1073d4b5c9f8"
                        },
                        "meta": {
                            "e2bfb730-ecaa-11e6-8f88-34363bc7c4c0": {
                                "create": 600000000000,
                                "delete": 600000000000
                            },
                            "schema_version": "1"
                        },
                        "tainted": false
                    },
                    "deposed": [],
                    "provider": "provider.aws"
                },
                "aws_subnet.and_digital_pub1_subnet": {
                    "type": "aws_subnet",
                    "depends_on": [
                        "aws_vpc.and_digital",
                        "data.aws_availability_zones.available"
                    ],
                    "primary": {
                        "id": "subnet-0454c49d8059d2f0a",
                        "attributes": {
                            "arn": "arn:aws:ec2:eu-west-1:162477254268:subnet/subnet-0454c49d8059d2f0a",
                            "assign_ipv6_address_on_creation": "false",
                            "availability_zone": "eu-west-1a",
                            "availability_zone_id": "euw1-az3",
                            "cidr_block": "10.0.1.0/24",
                            "id": "subnet-0454c49d8059d2f0a",
                            "ipv6_cidr_block": "",
                            "ipv6_cidr_block_association_id": "",
                            "map_public_ip_on_launch": "true",
                            "owner_id": "162477254268",
                            "tags.%": "1",
                            "tags.Name": "and_digital_public1",
                            "vpc_id": "vpc-0565f1073d4b5c9f8"
                        },
                        "meta": {
                            "e2bfb730-ecaa-11e6-8f88-34363bc7c4c0": {
                                "create": 600000000000,
                                "delete": 600000000000
                            },
                            "schema_version": "1"
                        },
                        "tainted": false
                    },
                    "deposed": [],
                    "provider": "provider.aws"
                },
                "aws_subnet.and_digital_pub2_subnet": {
                    "type": "aws_subnet",
                    "depends_on": [
                        "aws_vpc.and_digital",
                        "data.aws_availability_zones.available"
                    ],
                    "primary": {
                        "id": "subnet-0632125abb4caba6a",
                        "attributes": {
                            "arn": "arn:aws:ec2:eu-west-1:162477254268:subnet/subnet-0632125abb4caba6a",
                            "assign_ipv6_address_on_creation": "false",
                            "availability_zone": "eu-west-1b",
                            "availability_zone_id": "euw1-az1",
                            "cidr_block": "10.0.2.0/24",
                            "id": "subnet-0632125abb4caba6a",
                            "ipv6_cidr_block": "",
                            "ipv6_cidr_block_association_id": "",
                            "map_public_ip_on_launch": "true",
                            "owner_id": "162477254268",
                            "tags.%": "1",
                            "tags.Name": "and_digital_public2",
                            "vpc_id": "vpc-0565f1073d4b5c9f8"
                        },
                        "meta": {
                            "e2bfb730-ecaa-11e6-8f88-34363bc7c4c0": {
                                "create": 600000000000,
                                "delete": 600000000000
                            },
                            "schema_version": "1"
                        },
                        "tainted": false
                    },
                    "deposed": [],
                    "provider": "provider.aws"
                },
                "aws_vpc.and_digital": {
                    "type": "aws_vpc",
                    "depends_on": [],
                    "primary": {
                        "id": "vpc-0565f1073d4b5c9f8",
                        "attributes": {
                            "arn": "arn:aws:ec2:eu-west-1:162477254268:vpc/vpc-0565f1073d4b5c9f8",
                            "assign_generated_ipv6_cidr_block": "false",
                            "cidr_block": "10.0.0.0/16",
                            "default_network_acl_id": "acl-018beb65b91e178e3",
                            "default_route_table_id": "rtb-020cf6ae4000bab81",
                            "default_security_group_id": "sg-0506d7b3f741f0b9a",
                            "dhcp_options_id": "dopt-c362d9a5",
                            "enable_classiclink": "false",
                            "enable_classiclink_dns_support": "false",
                            "enable_dns_hostnames": "false",
                            "enable_dns_support": "true",
                            "id": "vpc-0565f1073d4b5c9f8",
                            "instance_tenancy": "default",
                            "ipv6_association_id": "",
                            "ipv6_cidr_block": "",
                            "main_route_table_id": "rtb-020cf6ae4000bab81",
                            "owner_id": "162477254268",
                            "tags.%": "1",
                            "tags.Name": "and_digital"
                        },
                        "meta": {
                            "schema_version": "1"
                        },
                        "tainted": false
                    },
                    "deposed": [],
                    "provider": "provider.aws"
                },
                "data.aws_availability_zones.available": {
                    "type": "aws_availability_zones",
                    "depends_on": [],
                    "primary": {
                        "id": "2019-03-05 20:17:00.941952 +0000 UTC",
                        "attributes": {
                            "id": "2019-03-05 20:17:00.941952 +0000 UTC",
                            "names.#": "3",
                            "names.0": "eu-west-1a",
                            "names.1": "eu-west-1b",
                            "names.2": "eu-west-1c",
                            "zone_ids.#": "3",
                            "zone_ids.0": "euw1-az3",
                            "zone_ids.1": "euw1-az1",
                            "zone_ids.2": "euw1-az2"
                        },
                        "meta": {},
                        "tainted": false
                    },
                    "deposed": [],
                    "provider": "provider.aws"
                }
            },
            "depends_on": []
        }
    ]
}
